
Microsoft Visual Studio Solution File, Format Version 12.00
# Visual Studio Version 16
VisualStudioVersion = 16.0.30621.155
MinimumVisualStudioVersion = 10.0.40219.1
Project("{FAE04EC0-301F-11D3-BF4B-00C04F79EFBC}") = "neurona", "neurona\neurona.csproj", "{998104F4-F12E-4E9D-B476-D8E4CB102979}"
EndProject
Global
	GlobalSection(SolutionConfigurationPlatforms) = preSolution
		Debug|Any CPU = Debug|Any CPU
		Release|Any CPU = Release|Any CPU
	EndGlobalSection
	GlobalSection(ProjectConfigurationPlatforms) = postSolution
		{998104F4-F12E-4E9D-B476-D8E4CB102979}.Debug|Any CPU.ActiveCfg = Debug|Any CPU
		{998104F4-F12E-4E9D-B476-D8E4CB102979}.Debug|Any CPU.Build.0 = Debug|Any CPU
		{998104F4-F12E-4E9D-B476-D8E4CB102979}.Release|Any CPU.ActiveCfg = Release|Any CPU
		{998104F4-F12E-4E9D-B476-D8E4CB102979}.Release|Any CPU.Build.0 = Release|Any CPU
	EndGlobalSection
	GlobalSection(SolutionProperties) = preSolution
		HideSolutionNode = FALSE
	EndGlobalSection
	GlobalSection(ExtensibilityGlobals) = postSolution
		SolutionGuid = {0CAEA284-47F3-47B4-A451-E2A38A83769D}
	EndGlobalSection
EndGlobal
